
Microsoft Visual Studio Solution File, Format Version 12.00
# Visual Studio Version 17
VisualStudioVersion = 17.0.32126.317
MinimumVisualStudioVersion = 10.0.40219.1
Project("{FAE04EC0-301F-11D3-BF4B-00C04F79EFBC}") = "CollaboratorStudy", "CollaboratorStudy\CollaboratorStudy.csproj", "{321BECA5-7735-4617-A827-E814CA5C08B9}"
EndProject
Global
	GlobalSection(SolutionConfigurationPlatforms) = preSolution
		Debug|Any CPU = Debug|Any CPU
		Release|Any CPU = Release|Any CPU
	EndGlobalSection
	GlobalSection(ProjectConfigurationPlatforms) = postSolution
		{321BECA5-7735-4617-A827-E814CA5C08B9}.Debug|Any CPU.ActiveCfg = Debug|Any CPU
		{321BECA5-7735-4617-A827-E814CA5C08B9}.Debug|Any CPU.Build.0 = Debug|Any CPU
		{321BECA5-7735-4617-A827-E814CA5C08B9}.Release|Any CPU.ActiveCfg = Release|Any CPU
		{321BECA5-7735-4617-A827-E814CA5C08B9}.Release|Any CPU.Build.0 = Release|Any CPU
	EndGlobalSection
	GlobalSection(SolutionProperties) = preSolution
		HideSolutionNode = FALSE
	EndGlobalSection
	GlobalSection(ExtensibilityGlobals) = postSolution
		SolutionGuid = {B93EEED8-46BB-4FCE-9BC0-051F9AE77A4E}
	EndGlobalSection
EndGlobal
